// !$*UTF8*$!
{
	archiveVersion = 1;
	classes = {
	};
	objectVersion = 51;
	objects = {

/* Begin PBXBuildFile section */
		A041091E2628265C00438015 /* SDPlayAnimationView.swift in Sources */ = {isa = PBXBuildFile; fileRef = A041091D2628265C00438015 /* SDPlayAnimationView.swift */; };
		A041092826283E1500438015 /* livingLottieAnimate.json in Resources */ = {isa = PBXBuildFile; fileRef = A041092726283E1400438015 /* livingLottieAnimate.json */; };
		A0583FE22613511500ED3B29 /* AppDelegate.swift in Sources */ = {isa = PBXBuildFile; fileRef = A0583FE12613511500ED3B29 /* AppDelegate.swift */; };
		A0583FE42613511500ED3B29 /* SceneDelegate.swift in Sources */ = {isa = PBXBuildFile; fileRef = A0583FE32613511500ED3B29 /* SceneDelegate.swift */; };
		A0583FE62613511500ED3B29 /* ViewController.swift in Sources */ = {isa = PBXBuildFile; fileRef = A0583FE52613511500ED3B29 /* ViewController.swift */; };
		A0583FE92613511500ED3B29 /* Main.storyboard in Resources */ = {isa = PBXBuildFile; fileRef = A0583FE72613511500ED3B29 /* Main.storyboard */; };
		A0583FEB2613511600ED3B29 /* Assets.xcassets in Resources */ = {isa = PBXBuildFile; fileRef = A0583FEA2613511600ED3B29 /* Assets.xcassets */; };
		A0583FEE2613511600ED3B29 /* LaunchScreen.storyboard in Resources */ = {isa = PBXBuildFile; fileRef = A0583FEC2613511600ED3B29 /* LaunchScreen.storyboard */; };
		A0583FF92613511600ED3B29 /* TestTests.swift in Sources */ = {isa = PBXBuildFile; fileRef = A0583FF82613511600ED3B29 /* TestTests.swift */; };
		A05840042613511600ED3B29 /* TestUITests.swift in Sources */ = {isa = PBXBuildFile; fileRef = A05840032613511600ED3B29 /* TestUITests.swift */; };
		E57C934951C5506736B5DE2C /* Pods_Test.framework in Frameworks */ = {isa = PBXBuildFile; fileRef = F306718344E72B19B8CD3E6D /* Pods_Test.framework */; };
/* End PBXBuildFile section */

/* Begin PBXContainerItemProxy section */
		A0583FF52613511600ED3B29 /* PBXContainerItemProxy */ = {
			isa = PBXContainerItemProxy;
			containerPortal = A0583FD62613511500ED3B29 /* Project object */;
			proxyType = 1;
			remoteGlobalIDString = A0583FDD2613511500ED3B29;
			remoteInfo = Test;
		};
		A05840002613511600ED3B29 /* PBXContainerItemProxy */ = {
			isa = PBXContainerItemProxy;
			containerPortal = A0583FD62613511500ED3B29 /* Project object */;
			proxyType = 1;
			remoteGlobalIDString = A0583FDD2613511500ED3B29;
			remoteInfo = Test;
		};
/* End PBXContainerItemProxy section */

/* Begin PBXFileReference section */
		291186A31D88E9E447C53B17 /* Pods-Test.release.xcconfig */ = {isa = PBXFileReference; includeInIndex = 1; lastKnownFileType = text.xcconfig; name = "Pods-Test.release.xcconfig"; path = "Target Support Files/Pods-Test/Pods-Test.release.xcconfig"; sourceTree = "<group>"; };
		5C2A730E52A543DE501A3DB8 /* Pods-Test.debug.xcconfig */ = {isa = PBXFileReference; includeInIndex = 1; lastKnownFileType = text.xcconfig; name = "Pods-Test.debug.xcconfig"; path = "Target Support Files/Pods-Test/Pods-Test.debug.xcconfig"; sourceTree = "<group>"; };
		A041091D2628265C00438015 /* SDPlayAnimationView.swift */ = {isa = PBXFileReference; lastKnownFileType = sourcecode.swift; path = SDPlayAnimationView.swift; sourceTree = "<group>"; };
		A041092726283E1400438015 /* livingLottieAnimate.json */ = {isa = PBXFileReference; fileEncoding = 4; lastKnownFileType = text.json; path = livingLottieAnimate.json; sourceTree = "<group>"; };
		A0583FDE2613511500ED3B29 /* Test.app */ = {isa = PBXFileReference; explicitFileType = wrapper.application; includeInIndex = 0; path = Test.app; sourceTree = BUILT_PRODUCTS_DIR; };
		A0583FE12613511500ED3B29 /* AppDelegate.swift */ = {isa = PBXFileReference; lastKnownFileType = sourcecode.swift; path = AppDelegate.swift; sourceTree = "<group>"; };
		A0583FE32613511500ED3B29 /* SceneDelegate.swift */ = {isa = PBXFileReference; lastKnownFileType = sourcecode.swift; path = SceneDelegate.swift; sourceTree = "<group>"; };
		A0583FE52613511500ED3B29 /* ViewController.swift */ = {isa = PBXFileReference; lastKnownFileType = sourcecode.swift; path = ViewController.swift; sourceTree = "<group>"; };
		A0583FE82613511500ED3B29 /* Base */ = {isa = PBXFileReference; lastKnownFileType = file.storyboard; name = Base; path = Base.lproj/Main.storyboard; sourceTree = "<group>"; };
		A0583FEA2613511600ED3B29 /* Assets.xcassets */ = {isa = PBXFileReference; lastKnownFileType = folder.assetcatalog; path = Assets.xcassets; sourceTree = "<group>"; };
		A0583FED2613511600ED3B29 /* Base */ = {isa = PBXFileReference; lastKnownFileType = file.storyboard; name = Base; path = Base.lproj/LaunchScreen.storyboard; sourceTree = "<group>"; };
		A0583FEF2613511600ED3B29 /* Info.plist */ = {isa = PBXFileReference; lastKnownFileType = text.plist.xml; path = Info.plist; sourceTree = "<group>"; };
		A0583FF42613511600ED3B29 /* TestTests.xctest */ = {isa = PBXFileReference; explicitFileType = wrapper.cfbundle; includeInIndex = 0; path = TestTests.xctest; sourceTree = BUILT_PRODUCTS_DIR; };
		A0583FF82613511600ED3B29 /* TestTests.swift */ = {isa = PBXFileReference; lastKnownFileType = sourcecode.swift; path = TestTests.swift; sourceTree = "<group>"; };
		A0583FFA2613511600ED3B29 /* Info.plist */ = {isa = PBXFileReference; lastKnownFileType = text.plist.xml; path = Info.plist; sourceTree = "<group>"; };
		A0583FFF2613511600ED3B29 /* TestUITests.xctest */ = {isa = PBXFileReference; explicitFileType = wrapper.cfbundle; includeInIndex = 0; path = TestUITests.xctest; sourceTree = BUILT_PRODUCTS_DIR; };
		A05840032613511600ED3B29 /* TestUITests.swift */ = {isa = PBXFileReference; lastKnownFileType = sourcecode.swift; path = TestUITests.swift; sourceTree = "<group>"; };
		A05840052613511600ED3B29 /* Info.plist */ = {isa = PBXFileReference; lastKnownFileType = text.plist.xml; path = Info.plist; sourceTree = "<group>"; };
		F306718344E72B19B8CD3E6D /* Pods_Test.framework */ = {isa = PBXFileReference; explicitFileType = wrapper.framework; includeInIndex = 0; path = Pods_Test.framework; sourceTree = BUILT_PRODUCTS_DIR; };
/* End PBXFileReference section */

/* Begin PBXFrameworksBuildPhase section */
		A0583FDB2613511500ED3B29 /* Frameworks */ = {
			isa = PBXFrameworksBuildPhase;
			buildActionMask = 2147483647;
			files = (
				E57C934951C5506736B5DE2C /* Pods_Test.framework in Frameworks */,
			);
			runOnlyForDeploymentPostprocessing = 0;
		};
		A0583FF12613511600ED3B29 /* Frameworks */ = {
			isa = PBXFrameworksBuildPhase;
			buildActionMask = 2147483647;
			files = (
			);
			runOnlyForDeploymentPostprocessing = 0;
		};
		A0583FFC2613511600ED3B29 /* Frameworks */ = {
			isa = PBXFrameworksBuildPhase;
			buildActionMask = 2147483647;
			files = (
			);
			runOnlyForDeploymentPostprocessing = 0;
		};
/* End PBXFrameworksBuildPhase section */

/* Begin PBXGroup section */
		83A097415F13C2189E1AFEF7 /* Pods */ = {
			isa = PBXGroup;
			children = (
				5C2A730E52A543DE501A3DB8 /* Pods-Test.debug.xcconfig */,
				291186A31D88E9E447C53B17 /* Pods-Test.release.xcconfig */,
			);
			path = Pods;
			sourceTree = "<group>";
		};
		A0583FD52613511500ED3B29 = {
			isa = PBXGroup;
			children = (
				A0583FE02613511500ED3B29 /* Test */,
				A0583FF72613511600ED3B29 /* TestTests */,
				A05840022613511600ED3B29 /* TestUITests */,
				A0583FDF2613511500ED3B29 /* Products */,
				83A097415F13C2189E1AFEF7 /* Pods */,
				CB27E604D54FE47F1D8EC8B4 /* Frameworks */,
			);
			sourceTree = "<group>";
		};
		A0583FDF2613511500ED3B29 /* Products */ = {
			isa = PBXGroup;
			children = (
				A0583FDE2613511500ED3B29 /* Test.app */,
				A0583FF42613511600ED3B29 /* TestTests.xctest */,
				A0583FFF2613511600ED3B29 /* TestUITests.xctest */,
			);
			name = Products;
			sourceTree = "<group>";
		};
		A0583FE02613511500ED3B29 /* Test */ = {
			isa = PBXGroup;
			children = (
				A0583FE12613511500ED3B29 /* AppDelegate.swift */,
				A0583FE32613511500ED3B29 /* SceneDelegate.swift */,
				A0583FE52613511500ED3B29 /* ViewController.swift */,
				A041091D2628265C00438015 /* SDPlayAnimationView.swift */,
				A041092726283E1400438015 /* livingLottieAnimate.json */,
				A0583FE72613511500ED3B29 /* Main.storyboard */,
				A0583FEA2613511600ED3B29 /* Assets.xcassets */,
				A0583FEC2613511600ED3B29 /* LaunchScreen.storyboard */,
				A0583FEF2613511600ED3B29 /* Info.plist */,
			);
			path = Test;
			sourceTree = "<group>";
		};
		A0583FF72613511600ED3B29 /* TestTests */ = {
			isa = PBXGroup;
			children = (
				A0583FF82613511600ED3B29 /* TestTests.swift */,
				A0583FFA2613511600ED3B29 /* Info.plist */,
			);
			path = TestTests;
			sourceTree = "<group>";
		};
		A05840022613511600ED3B29 /* TestUITests */ = {
			isa = PBXGroup;
			children = (
				A05840032613511600ED3B29 /* TestUITests.swift */,
				A05840052613511600ED3B29 /* Info.plist */,
			);
			path = TestUITests;
			sourceTree = "<group>";
		};
		CB27E604D54FE47F1D8EC8B4 /* Frameworks */ = {
			isa = PBXGroup;
			children = (
				F306718344E72B19B8CD3E6D /* Pods_Test.framework */,
			);
			name = Frameworks;
			sourceTree = "<group>";
		};
/* End PBXGroup section */

/* Begin PBXNativeTarget section */
		A0583FDD2613511500ED3B29 /* Test */ = {
			isa = PBXNativeTarget;
			buildConfigurationList = A05840082613511600ED3B29 /* Build configuration list for PBXNativeTarget "Test" */;
			buildPhases = (
				ECA24051642EA14E413A516B /* [CP] Check Pods Manifest.lock */,
				A0583FDA2613511500ED3B29 /* Sources */,
				A0583FDB2613511500ED3B29 /* Frameworks */,
				A0583FDC2613511500ED3B29 /* Resources */,
				E115126A81846F1792A0A65D /* [CP] Embed Pods Frameworks */,
			);
			buildRules = (
			);
			dependencies = (
			);
			name = Test;
			productName = Test;
			productReference = A0583FDE2613511500ED3B29 /* Test.app */;
			productType = "com.apple.product-type.application";
		};
		A0583FF32613511600ED3B29 /* TestTests */ = {
			isa = PBXNativeTarget;
			buildConfigurationList = A058400B2613511600ED3B29 /* Build configuration list for PBXNativeTarget "TestTests" */;
			buildPhases = (
				A0583FF02613511600ED3B29 /* Sources */,
				A0583FF12613511600ED3B29 /* Frameworks */,
				A0583FF22613511600ED3B29 /* Resources */,
			);
			buildRules = (
			);
			dependencies = (
				A0583FF62613511600ED3B29 /* PBXTargetDependency */,
			);
			name = TestTests;
			productName = TestTests;
			productReference = A0583FF42613511600ED3B29 /* TestTests.xctest */;
			productType = "com.apple.product-type.bundle.unit-test";
		};
		A0583FFE2613511600ED3B29 /* TestUITests */ = {
			isa = PBXNativeTarget;
			buildConfigurationList = A058400E2613511600ED3B29 /* Build configuration list for PBXNativeTarget "TestUITests" */;
			buildPhases = (
				A0583FFB2613511600ED3B29 /* Sources */,
				A0583FFC2613511600ED3B29 /* Frameworks */,
				A0583FFD2613511600ED3B29 /* Resources */,
			);
			buildRules = (
			);
			dependencies = (
				A05840012613511600ED3B29 /* PBXTargetDependency */,
			);
			name = TestUITests;
			productName = TestUITests;
			productReference = A0583FFF2613511600ED3B29 /* TestUITests.xctest */;
			productType = "com.apple.product-type.bundle.ui-testing";
		};
/* End PBXNativeTarget section */

/* Begin PBXProject section */
		A0583FD62613511500ED3B29 /* Project object */ = {
			isa = PBXProject;
			attributes = {
				LastSwiftUpdateCheck = 1240;
				LastUpgradeCheck = 1240;
				TargetAttributes = {
					A0583FDD2613511500ED3B29 = {
						CreatedOnToolsVersion = 12.4;
					};
					A0583FF32613511600ED3B29 = {
						CreatedOnToolsVersion = 12.4;
						TestTargetID = A0583FDD2613511500ED3B29;
					};
					A0583FFE2613511600ED3B29 = {
						CreatedOnToolsVersion = 12.4;
						TestTargetID = A0583FDD2613511500ED3B29;
					};
				};
			};
			buildConfigurationList = A0583FD92613511500ED3B29 /* Build configuration list for PBXProject "Test" */;
			compatibilityVersion = "Xcode 9.3";
			developmentRegion = en;
			hasScannedForEncodings = 0;
			knownRegions = (
				en,
				Base,
			);
			mainGroup = A0583FD52613511500ED3B29;
			productRefGroup = A0583FDF2613511500ED3B29 /* Products */;
			projectDirPath = "";
			projectRoot = "";
			targets = (
				A0583FDD2613511500ED3B29 /* Test */,
				A0583FF32613511600ED3B29 /* TestTests */,
				A0583FFE2613511600ED3B29 /* TestUITests */,
			);
		};
/* End PBXProject section */

/* Begin PBXResourcesBuildPhase section */
		A0583FDC2613511500ED3B29 /* Resources */ = {
			isa = PBXResourcesBuildPhase;
			buildActionMask = 2147483647;
			files = (
				A0583FEE2613511600ED3B29 /* LaunchScreen.storyboard in Resources */,
				A041092826283E1500438015 /* livingLottieAnimate.json in Resources */,
				A0583FEB2613511600ED3B29 /* Assets.xcassets in Resources */,
				A0583FE92613511500ED3B29 /* Main.storyboard in Resources */,
			);
			runOnlyForDeploymentPostprocessing = 0;
		};
		A0583FF22613511600ED3B29 /* Resources */ = {
			isa = PBXResourcesBuildPhase;
			buildActionMask = 2147483647;
			files = (
			);
			runOnlyForDeploymentPostprocessing = 0;
		};
		A0583FFD2613511600ED3B29 /* Resources */ = {
			isa = PBXResourcesBuildPhase;
			buildActionMask = 2147483647;
			files = (
			);
			runOnlyForDeploymentPostprocessing = 0;
		};
/* End PBXResourcesBuildPhase section */

/* Begin PBXShellScriptBuildPhase section */
		E115126A81846F1792A0A65D /* [CP] Embed Pods Frameworks */ = {
			isa = PBXShellScriptBuildPhase;
			buildActionMask = 2147483647;
			files = (
			);
			inputFileListPaths = (
				"${PODS_ROOT}/Target Support Files/Pods-Test/Pods-Test-frameworks-${CONFIGURATION}-input-files.xcfilelist",
			);
			name = "[CP] Embed Pods Frameworks";
			outputFileListPaths = (
				"${PODS_ROOT}/Target Support Files/Pods-Test/Pods-Test-frameworks-${CONFIGURATION}-output-files.xcfilelist",
			);
			runOnlyForDeploymentPostprocessing = 0;
			shellPath = /bin/sh;
			shellScript = "\"${PODS_ROOT}/Target Support Files/Pods-Test/Pods-Test-frameworks.sh\"\n";
			showEnvVarsInLog = 0;
		};
		ECA24051642EA14E413A516B /* [CP] Check Pods Manifest.lock */ = {
			isa = PBXShellScriptBuildPhase;
			buildActionMask = 2147483647;
			files = (
			);
			inputFileListPaths = (
			);
			inputPaths = (
				"${PODS_PODFILE_DIR_PATH}/Podfile.lock",
				"${PODS_ROOT}/Manifest.lock",
			);
			name = "[CP] Check Pods Manifest.lock";
			outputFileListPaths = (
			);
			outputPaths = (
				"$(DERIVED_FILE_DIR)/Pods-Test-checkManifestLockResult.txt",
			);
			runOnlyForDeploymentPostprocessing = 0;
			shellPath = /bin/sh;
			shellScript = "diff \"${PODS_PODFILE_DIR_PATH}/Podfile.lock\" \"${PODS_ROOT}/Manifest.lock\" > /dev/null\nif [ $? != 0 ] ; then\n    # print error to STDERR\n    echo \"error: The sandbox is not in sync with the Podfile.lock. Run 'pod install' or update your CocoaPods installation.\" >&2\n    exit 1\nfi\n# This output is used by Xcode 'outputs' to avoid re-running this script phase.\necho \"SUCCESS\" > \"${SCRIPT_OUTPUT_FILE_0}\"\n";
			showEnvVarsInLog = 0;
		};
/* End PBXShellScriptBuildPhase section */

/* Begin PBXSourcesBuildPhase section */
		A0583FDA2613511500ED3B29 /* Sources */ = {
			isa = PBXSourcesBuildPhase;
			buildActionMask = 2147483647;
			files = (
				A0583FE62613511500ED3B29 /* ViewController.swift in Sources */,
				A0583FE22613511500ED3B29 /* AppDelegate.swift in Sources */,
				A0583FE42613511500ED3B29 /* SceneDelegate.swift in Sources */,
				A041091E2628265C00438015 /* SDPlayAnimationView.swift in Sources */,
			);
			runOnlyForDeploymentPostprocessing = 0;
		};
		A0583FF02613511600ED3B29 /* Sources */ = {
			isa = PBXSourcesBuildPhase;
			buildActionMask = 2147483647;
			files = (
				A0583FF92613511600ED3B29 /* TestTests.swift in Sources */,
			);
			runOnlyForDeploymentPostprocessing = 0;
		};
		A0583FFB2613511600ED3B29 /* Sources */ = {
			isa = PBXSourcesBuildPhase;
			buildActionMask = 2147483647;
			files = (
				A05840042613511600ED3B29 /* TestUITests.swift in Sources */,
			);
			runOnlyForDeploymentPostprocessing = 0;
		};
/* End PBXSourcesBuildPhase section */

/* Begin PBXTargetDependency section */
		A0583FF62613511600ED3B29 /* PBXTargetDependency */ = {
			isa = PBXTargetDependency;
			target = A0583FDD2613511500ED3B29 /* Test */;
			targetProxy = A0583FF52613511600ED3B29 /* PBXContainerItemProxy */;
		};
		A05840012613511600ED3B29 /* PBXTargetDependency */ = {
			isa = PBXTargetDependency;
			target = A0583FDD2613511500ED3B29 /* Test */;
			targetProxy = A05840002613511600ED3B29 /* PBXContainerItemProxy */;
		};
/* End PBXTargetDependency section */

/* Begin PBXVariantGroup section */
		A0583FE72613511500ED3B29 /* Main.storyboard */ = {
			isa = PBXVariantGroup;
			children = (
				A0583FE82613511500ED3B29 /* Base */,
			);
			name = Main.storyboard;
			sourceTree = "<group>";
		};
		A0583FEC2613511600ED3B29 /* LaunchScreen.storyboard */ = {
			isa = PBXVariantGroup;
			children = (
				A0583FED2613511600ED3B29 /* Base */,
			);
			name = LaunchScreen.storyboard;
			sourceTree = "<group>";
		};
/* End PBXVariantGroup section */

/* Begin XCBuildConfiguration section */
		A05840062613511600ED3B29 /* Debug */ = {
			isa = XCBuildConfiguration;
			buildSettings = {
				ALWAYS_SEARCH_USER_PATHS = NO;
				CLANG_ANALYZER_NONNULL = YES;
				CLANG_ANALYZER_NUMBER_OBJECT_CONVERSION = YES_AGGRESSIVE;
				CLANG_CXX_LANGUAGE_STANDARD = "gnu++14";
				CLANG_CXX_LIBRARY = "libc++";
				CLANG_ENABLE_MODULES = YES;
				CLANG_ENABLE_OBJC_ARC = YES;
				CLANG_ENABLE_OBJC_WEAK = YES;
				CLANG_WARN_BLOCK_CAPTURE_AUTORELEASING = YES;
				CLANG_WARN_BOOL_CONVERSION = YES;
				CLANG_WARN_COMMA = YES;
				CLANG_WARN_CONSTANT_CONVERSION = YES;
				CLANG_WARN_DEPRECATED_OBJC_IMPLEMENTATIONS = YES;
				CLANG_WARN_DIRECT_OBJC_ISA_USAGE = YES_ERROR;
				CLANG_WARN_DOCUMENTATION_COMMENTS = YES;
				CLANG_WARN_EMPTY_BODY = YES;
				CLANG_WARN_ENUM_CONVERSION = YES;
				CLANG_WARN_INFINITE_RECURSION = YES;
				CLANG_WARN_INT_CONVERSION = YES;
				CLANG_WARN_NON_LITERAL_NULL_CONVERSION = YES;
				CLANG_WARN_OBJC_IMPLICIT_RETAIN_SELF = YES;
				CLANG_WARN_OBJC_LITERAL_CONVERSION = YES;
				CLANG_WARN_OBJC_ROOT_CLASS = YES_ERROR;
				CLANG_WARN_QUOTED_INCLUDE_IN_FRAMEWORK_HEADER = YES;
				CLANG_WARN_RANGE_LOOP_ANALYSIS = YES;
				CLANG_WARN_STRICT_PROTOTYPES = YES;
				CLANG_WARN_SUSPICIOUS_MOVE = YES;
				CLANG_WARN_UNGUARDED_AVAILABILITY = YES_AGGRESSIVE;
				CLANG_WARN_UNREACHABLE_CODE = YES;
				CLANG_WARN__DUPLICATE_METHOD_MATCH = YES;
				COPY_PHASE_STRIP = NO;
				DEBUG_INFORMATION_FORMAT = dwarf;
				ENABLE_STRICT_OBJC_MSGSEND = YES;
				ENABLE_TESTABILITY = YES;
				GCC_C_LANGUAGE_STANDARD = gnu11;
				GCC_DYNAMIC_NO_PIC = NO;
				GCC_NO_COMMON_BLOCKS = YES;
				GCC_OPTIMIZATION_LEVEL = 0;
				GCC_PREPROCESSOR_DEFINITIONS = (
					"DEBUG=1",
					"$(inherited)",
				);
				GCC_WARN_64_TO_32_BIT_CONVERSION = YES;
				GCC_WARN_ABOUT_RETURN_TYPE = YES_ERROR;
				GCC_WARN_UNDECLARED_SELECTOR = YES;
				GCC_WARN_UNINITIALIZED_AUTOS = YES_AGGRESSIVE;
				GCC_WARN_UNUSED_FUNCTION = YES;
				GCC_WARN_UNUSED_VARIABLE = YES;
				IPHONEOS_DEPLOYMENT_TARGET = 14.4;
				MTL_ENABLE_DEBUG_INFO = INCLUDE_SOURCE;
				MTL_FAST_MATH = YES;
				ONLY_ACTIVE_ARCH = YES;
				SDKROOT = iphoneos;
				SWIFT_ACTIVE_COMPILATION_CONDITIONS = DEBUG;
				SWIFT_OPTIMIZATION_LEVEL = "-Onone";
			};
			name = Debug;
		};
		A05840072613511600ED3B29 /* Release */ = {
			isa = XCBuildConfiguration;
			buildSettings = {
				ALWAYS_SEARCH_USER_PATHS = NO;
				CLANG_ANALYZER_NONNULL = YES;
				CLANG_ANALYZER_NUMBER_OBJECT_CONVERSION = YES_AGGRESSIVE;
				CLANG_CXX_LANGUAGE_STANDARD = "gnu++14";
				CLANG_CXX_LIBRARY = "libc++";
				CLANG_ENABLE_MODULES = YES;
				CLANG_ENABLE_OBJC_ARC = YES;
				CLANG_ENABLE_OBJC_WEAK = YES;
				CLANG_WARN_BLOCK_CAPTURE_AUTORELEASING = YES;
				CLANG_WARN_BOOL_CONVERSION = YES;
				CLANG_WARN_COMMA = YES;
				CLANG_WARN_CONSTANT_CONVERSION = YES;
				CLANG_WARN_DEPRECATED_OBJC_IMPLEMENTATIONS = YES;
				CLANG_WARN_DIRECT_OBJC_ISA_USAGE = YES_ERROR;
				CLANG_WARN_DOCUMENTATION_COMMENTS = YES;
				CLANG_WARN_EMPTY_BODY = YES;
				CLANG_WARN_ENUM_CONVERSION = YES;
				CLANG_WARN_INFINITE_RECURSION = YES;
				CLANG_WARN_INT_CONVERSION = YES;
				CLANG_WARN_NON_LITERAL_NULL_CONVERSION = YES;
				CLANG_WARN_OBJC_IMPLICIT_RETAIN_SELF = YES;
				CLANG_WARN_OBJC_LITERAL_CONVERSION = YES;
				CLANG_WARN_OBJC_ROOT_CLASS = YES_ERROR;
				CLANG_WARN_QUOTED_INCLUDE_IN_FRAMEWORK_HEADER = YES;
				CLANG_WARN_RANGE_LOOP_ANALYSIS = YES;
				CLANG_WARN_STRICT_PROTOTYPES = YES;
				CLANG_WARN_SUSPICIOUS_MOVE = YES;
				CLANG_WARN_UNGUARDED_AVAILABILITY = YES_AGGRESSIVE;
				CLANG_WARN_UNREACHABLE_CODE = YES;
				CLANG_WARN__DUPLICATE_METHOD_MATCH = YES;
				COPY_PHASE_STRIP = NO;
				DEBUG_INFORMATION_FORMAT = "dwarf-with-dsym";
				ENABLE_NS_ASSERTIONS = NO;
				ENABLE_STRICT_OBJC_MSGSEND = YES;
				GCC_C_LANGUAGE_STANDARD = gnu11;
				GCC_NO_COMMON_BLOCKS = YES;
				GCC_WARN_64_TO_32_BIT_CONVERSION = YES;
				GCC_WARN_ABOUT_RETURN_TYPE = YES_ERROR;
				GCC_WARN_UNDECLARED_SELECTOR = YES;
				GCC_WARN_UNINITIALIZED_AUTOS = YES_AGGRESSIVE;
				GCC_WARN_UNUSED_FUNCTION = YES;
				GCC_WARN_UNUSED_VARIABLE = YES;
				IPHONEOS_DEPLOYMENT_TARGET = 14.4;
				MTL_ENABLE_DEBUG_INFO = NO;
				MTL_FAST_MATH = YES;
				SDKROOT = iphoneos;
				SWIFT_COMPILATION_MODE = wholemodule;
				SWIFT_OPTIMIZATION_LEVEL = "-O";
				VALIDATE_PRODUCT = YES;
			};
			name = Release;
		};
		A05840092613511600ED3B29 /* Debug */ = {
			isa = XCBuildConfiguration;
			baseConfigurationReference = 5C2A730E52A543DE501A3DB8 /* Pods-Test.debug.xcconfig */;
			buildSettings = {
				ASSETCATALOG_COMPILER_APPICON_NAME = AppIcon;
				ASSETCATALOG_COMPILER_GLOBAL_ACCENT_COLOR_NAME = AccentColor;
				CODE_SIGN_IDENTITY = "iPhone Developer";
				CODE_SIGN_STYLE = Manual;
				DEVELOPMENT_TEAM = VMTN98C772;
				INFOPLIST_FILE = Test/Info.plist;
				IPHONEOS_DEPLOYMENT_TARGET = 13.4;
				LD_RUNPATH_SEARCH_PATHS = (
					"$(inherited)",
					"@executable_path/Frameworks",
				);
				PRODUCT_BUNDLE_IDENTIFIER = com.sunland.dailystudy;
				PRODUCT_NAME = "$(TARGET_NAME)";
				PROVISIONING_PROFILE_SPECIFIER = dailystudy_20210322_dev_provision;
				SWIFT_VERSION = 5.0;
				TARGETED_DEVICE_FAMILY = "1,2";
			};
			name = Debug;
		};
		A058400A2613511600ED3B29 /* Release */ = {
			isa = XCBuildConfiguration;
			baseConfigurationReference = 291186A31D88E9E447C53B17 /* Pods-Test.release.xcconfig */;
			buildSettings = {
				ASSETCATALOG_COMPILER_APPICON_NAME = AppIcon;
				ASSETCATALOG_COMPILER_GLOBAL_ACCENT_COLOR_NAME = AccentColor;
				CODE_SIGN_IDENTITY = "iPhone Developer";
				CODE_SIGN_STYLE = Manual;
				DEVELOPMENT_TEAM = VMTN98C772;
				INFOPLIST_FILE = Test/Info.plist;
				IPHONEOS_DEPLOYMENT_TARGET = 13.4;
				LD_RUNPATH_SEARCH_PATHS = (
					"$(inherited)",
					"@executable_path/Frameworks",
				);
				PRODUCT_BUNDLE_IDENTIFIER = com.sunland.dailystudy;
				PRODUCT_NAME = "$(TARGET_NAME)";
				PROVISIONING_PROFILE_SPECIFIER = dailystudy_20210322_dev_provision;
				SWIFT_VERSION = 5.0;
				TARGETED_DEVICE_FAMILY = "1,2";
			};
			name = Release;
		};
		A058400C2613511600ED3B29 /* Debug */ = {
			isa = XCBuildConfiguration;
			buildSettings = {
				ALWAYS_EMBED_SWIFT_STANDARD_LIBRARIES = YES;
				BUNDLE_LOADER = "$(TEST_HOST)";
				CODE_SIGN_STYLE = Automatic;
				INFOPLIST_FILE = TestTests/Info.plist;
				IPHONEOS_DEPLOYMENT_TARGET = 14.4;
				LD_RUNPATH_SEARCH_PATHS = (
					"$(inherited)",
					"@executable_path/Frameworks",
					"@loader_path/Frameworks",
				);
				PRODUCT_BUNDLE_IDENTIFIER = sunlands.com.TestTests;
				PRODUCT_NAME = "$(TARGET_NAME)";
				SWIFT_VERSION = 5.0;
				TARGETED_DEVICE_FAMILY = "1,2";
				TEST_HOST = "$(BUILT_PRODUCTS_DIR)/Test.app/Test";
			};
			name = Debug;
		};
		A058400D2613511600ED3B29 /* Release */ = {
			isa = XCBuildConfiguration;
			buildSettings = {
				ALWAYS_EMBED_SWIFT_STANDARD_LIBRARIES = YES;
				BUNDLE_LOADER = "$(TEST_HOST)";
				CODE_SIGN_STYLE = Automatic;
				INFOPLIST_FILE = TestTests/Info.plist;
				IPHONEOS_DEPLOYMENT_TARGET = 14.4;
				LD_RUNPATH_SEARCH_PATHS = (
					"$(inherited)",
					"@executable_path/Frameworks",
					"@loader_path/Frameworks",
				);
				PRODUCT_BUNDLE_IDENTIFIER = sunlands.com.TestTests;
				PRODUCT_NAME = "$(TARGET_NAME)";
				SWIFT_VERSION = 5.0;
				TARGETED_DEVICE_FAMILY = "1,2";
				TEST_HOST = "$(BUILT_PRODUCTS_DIR)/Test.app/Test";
			};
			name = Release;
		};
		A058400F2613511600ED3B29 /* Debug */ = {
			isa = XCBuildConfiguration;
			buildSettings = {
				ALWAYS_EMBED_SWIFT_STANDARD_LIBRARIES = YES;
				CODE_SIGN_STYLE = Automatic;
				INFOPLIST_FILE = TestUITests/Info.plist;
				LD_RUNPATH_SEARCH_PATHS = (
					"$(inherited)",
					"@executable_path/Frameworks",
					"@loader_path/Frameworks",
				);
				PRODUCT_BUNDLE_IDENTIFIER = sunlands.com.TestUITests;
				PRODUCT_NAME = "$(TARGET_NAME)";
				SWIFT_VERSION = 5.0;
				TARGETED_DEVICE_FAMILY = "1,2";
				TEST_TARGET_NAME = Test;
			};
			name = Debug;
		};
		A05840102613511600ED3B29 /* Release */ = {
			isa = XCBuildConfiguration;
			buildSettings = {
				ALWAYS_EMBED_SWIFT_STANDARD_LIBRARIES = YES;
				CODE_SIGN_STYLE = Automatic;
				INFOPLIST_FILE = TestUITests/Info.plist;
				LD_RUNPATH_SEARCH_PATHS = (
					"$(inherited)",
					"@executable_path/Frameworks",
					"@loader_path/Frameworks",
				);
				PRODUCT_BUNDLE_IDENTIFIER = sunlands.com.TestUITests;
				PRODUCT_NAME = "$(TARGET_NAME)";
				SWIFT_VERSION = 5.0;
				TARGETED_DEVICE_FAMILY = "1,2";
				TEST_TARGET_NAME = Test;
			};
			name = Release;
		};
/* End XCBuildConfiguration section */

/* Begin XCConfigurationList section */
		A0583FD92613511500ED3B29 /* Build configuration list for PBXProject "Test" */ = {
			isa = XCConfigurationList;
			buildConfigurations = (
				A05840062613511600ED3B29 /* Debug */,
				A05840072613511600ED3B29 /* Release */,
			);
			defaultConfigurationIsVisible = 0;
			defaultConfigurationName = Release;
		};
		A05840082613511600ED3B29 /* Build configuration list for PBXNativeTarget "Test" */ = {
			isa = XCConfigurationList;
			buildConfigurations = (
				A05840092613511600ED3B29 /* Debug */,
				A058400A2613511600ED3B29 /* Release */,
			);
			defaultConfigurationIsVisible = 0;
			defaultConfigurationName = Release;
		};
		A058400B2613511600ED3B29 /* Build configuration list for PBXNativeTarget "TestTests" */ = {
			isa = XCConfigurationList;
			buildConfigurations = (
				A058400C2613511600ED3B29 /* Debug */,
				A058400D2613511600ED3B29 /* Release */,
			);
			defaultConfigurationIsVisible = 0;
			defaultConfigurationName = Release;
		};
		A058400E2613511600ED3B29 /* Build configuration list for PBXNativeTarget "TestUITests" */ = {
			isa = XCConfigurationList;
			buildConfigurations = (
				A058400F2613511600ED3B29 /* Debug */,
				A05840102613511600ED3B29 /* Release */,
			);
			defaultConfigurationIsVisible = 0;
			defaultConfigurationName = Release;
		};
/* End XCConfigurationList section */
	};
	rootObject = A0583FD62613511500ED3B29 /* Project object */;
}
